
Microsoft Visual Studio Solution File, Format Version 12.00
# Visual Studio 2013
VisualStudioVersion = 12.0.31101.0
MinimumVisualStudioVersion = 10.0.40219.1
Project("{888888A0-9F3D-457C-B088-3A5042F75D52}") = "Spiders", "Spiders.pyproj", "{84003A28-684E-4028-82CD-5C232FB59937}"
EndProject
Project("{2150E333-8FDC-42A3-9474-1A3956D46DE8}") = "Solution Items", "Solution Items", "{76A3A782-2DD8-43E9-B2D0-740185EA8CCF}"
	ProjectSection(SolutionItems) = preProject
		..\.gitattributes = ..\.gitattributes
		..\.gitignore = ..\.gitignore
		..\LICENSE = ..\LICENSE
		..\README.md = ..\README.md
	EndProjectSection
EndProject
Project("{888888A0-9F3D-457C-B088-3A5042F75D52}") = "Scripts", "..\Scripts\Scripts.pyproj", "{923C610A-A777-4478-B943-BB8B384EBEB9}"
EndProject
Project("{888888A0-9F3D-457C-B088-3A5042F75D52}") = "Generate_Tags", "..\Mark\Generate_Tags.pyproj", "{675BEAFA-680B-4791-9CDC-799C911914E5}"
EndProject
Global
	GlobalSection(SolutionConfigurationPlatforms) = preSolution
		Debug|Any CPU = Debug|Any CPU
		Nobebug|Any CPU = Nobebug|Any CPU
		Release|Any CPU = Release|Any CPU
	EndGlobalSection
	GlobalSection(ProjectConfigurationPlatforms) = postSolution
		{84003A28-684E-4028-82CD-5C232FB59937}.Debug|Any CPU.ActiveCfg = Debug|Any CPU
		{84003A28-684E-4028-82CD-5C232FB59937}.Nobebug|Any CPU.ActiveCfg = Release|Any CPU
		{84003A28-684E-4028-82CD-5C232FB59937}.Release|Any CPU.ActiveCfg = Release|Any CPU
		{923C610A-A777-4478-B943-BB8B384EBEB9}.Debug|Any CPU.ActiveCfg = Debug|Any CPU
		{923C610A-A777-4478-B943-BB8B384EBEB9}.Nobebug|Any CPU.ActiveCfg = Release|Any CPU
		{923C610A-A777-4478-B943-BB8B384EBEB9}.Release|Any CPU.ActiveCfg = Release|Any CPU
		{675BEAFA-680B-4791-9CDC-799C911914E5}.Debug|Any CPU.ActiveCfg = Debug|Any CPU
		{675BEAFA-680B-4791-9CDC-799C911914E5}.Nobebug|Any CPU.ActiveCfg = Release|Any CPU
		{675BEAFA-680B-4791-9CDC-799C911914E5}.Release|Any CPU.ActiveCfg = Release|Any CPU
	EndGlobalSection
	GlobalSection(SolutionProperties) = preSolution
		HideSolutionNode = FALSE
	EndGlobalSection
EndGlobal
